
Microsoft Visual Studio Solution File, Format Version 12.00
# Visual Studio Version 17
VisualStudioVersion = 17.5.002.0
MinimumVisualStudioVersion = 10.0.40219.1
Project("{9A19103F-16F7-4668-BE54-9A1E7A4F7556}") = "azure-csharp", "azure-csharp\azure-csharp.csproj", "{61A1D20E-66BE-4B83-AE35-498591CACDA4}"
EndProject
Project("{2150E333-8FDC-42A3-9474-1A3956D46DE8}") = "azure-js", "azure-js", "{46BD7525-AA66-4CB5-9651-4D72057A68DD}"
EndProject
Project("{2150E333-8FDC-42A3-9474-1A3956D46DE8}") = "node_modules", "node_modules", "{E52D5DA6-76A4-4D26-A849-D4D9E81F2012}"
EndProject
Project("{2150E333-8FDC-42A3-9474-1A3956D46DE8}") = "@pulumi", "@pulumi", "{DCBD2E12-F098-4F73-84FC-8F3B47D0855B}"
EndProject
Project("{2150E333-8FDC-42A3-9474-1A3956D46DE8}") = "pulumi", "pulumi", "{39DF097D-9041-4B56-8588-D8FDC53E950D}"
EndProject
Project("{2150E333-8FDC-42A3-9474-1A3956D46DE8}") = "tests", "tests", "{3681C6E9-3C14-4C9D-A49E-7343A3877D98}"
EndProject
Project("{2150E333-8FDC-42A3-9474-1A3956D46DE8}") = "automation", "automation", "{14635220-C660-435E-8306-356D426701EF}"
EndProject
Project("{2150E333-8FDC-42A3-9474-1A3956D46DE8}") = "data", "data", "{5DFE7A19-CBF6-4D43-A5AF-22F32DD8143F}"
EndProject
Project("{9A19103F-16F7-4668-BE54-9A1E7A4F7556}") = "TestProj", "azure-js\node_modules\@pulumi\pulumi\tests\automation\data\testproj_dotnet\TestProj.csproj", "{CCC305E1-A4B0-4E1E-8900-B335701DC3EA}"
EndProject
Project("{2150E333-8FDC-42A3-9474-1A3956D46DE8}") = "docker-ts", "docker-ts", "{C7D1AA66-9087-4A4C-84E3-AC3970F5621E}"
EndProject
Project("{2150E333-8FDC-42A3-9474-1A3956D46DE8}") = "node_modules", "node_modules", "{FC5B4690-5C8F-4CA6-B724-6BBA6A76F7F0}"
EndProject
Project("{2150E333-8FDC-42A3-9474-1A3956D46DE8}") = "@pulumi", "@pulumi", "{6039126B-2F3D-45E1-B489-E62B78AA59C8}"
EndProject
Project("{2150E333-8FDC-42A3-9474-1A3956D46DE8}") = "pulumi", "pulumi", "{E82FF7D0-1BDD-4690-B2DB-D900958CE1EC}"
EndProject
Project("{2150E333-8FDC-42A3-9474-1A3956D46DE8}") = "tests", "tests", "{E721E578-275C-4B43-A159-366211A788DD}"
EndProject
Project("{2150E333-8FDC-42A3-9474-1A3956D46DE8}") = "automation", "automation", "{E388F8F0-B309-4EC7-AD56-F751459EFE90}"
EndProject
Project("{2150E333-8FDC-42A3-9474-1A3956D46DE8}") = "data", "data", "{BA944FEA-14A4-4D59-A336-6DD5A4E4E858}"
EndProject
Project("{9A19103F-16F7-4668-BE54-9A1E7A4F7556}") = "TestProj", "docker-ts\node_modules\@pulumi\pulumi\tests\automation\data\testproj_dotnet\TestProj.csproj", "{795A8F56-C33E-48F1-9730-1D81C08F99A1}"
EndProject
Global
	GlobalSection(SolutionConfigurationPlatforms) = preSolution
		Debug|Any CPU = Debug|Any CPU
		Release|Any CPU = Release|Any CPU
	EndGlobalSection
	GlobalSection(ProjectConfigurationPlatforms) = postSolution
		{61A1D20E-66BE-4B83-AE35-498591CACDA4}.Debug|Any CPU.ActiveCfg = Debug|Any CPU
		{61A1D20E-66BE-4B83-AE35-498591CACDA4}.Debug|Any CPU.Build.0 = Debug|Any CPU
		{61A1D20E-66BE-4B83-AE35-498591CACDA4}.Release|Any CPU.ActiveCfg = Release|Any CPU
		{61A1D20E-66BE-4B83-AE35-498591CACDA4}.Release|Any CPU.Build.0 = Release|Any CPU
		{CCC305E1-A4B0-4E1E-8900-B335701DC3EA}.Debug|Any CPU.ActiveCfg = Debug|Any CPU
		{CCC305E1-A4B0-4E1E-8900-B335701DC3EA}.Debug|Any CPU.Build.0 = Debug|Any CPU
		{CCC305E1-A4B0-4E1E-8900-B335701DC3EA}.Release|Any CPU.ActiveCfg = Release|Any CPU
		{CCC305E1-A4B0-4E1E-8900-B335701DC3EA}.Release|Any CPU.Build.0 = Release|Any CPU
		{795A8F56-C33E-48F1-9730-1D81C08F99A1}.Debug|Any CPU.ActiveCfg = Debug|Any CPU
		{795A8F56-C33E-48F1-9730-1D81C08F99A1}.Debug|Any CPU.Build.0 = Debug|Any CPU
		{795A8F56-C33E-48F1-9730-1D81C08F99A1}.Release|Any CPU.ActiveCfg = Release|Any CPU
		{795A8F56-C33E-48F1-9730-1D81C08F99A1}.Release|Any CPU.Build.0 = Release|Any CPU
	EndGlobalSection
	GlobalSection(SolutionProperties) = preSolution
		HideSolutionNode = FALSE
	EndGlobalSection
	GlobalSection(NestedProjects) = preSolution
		{E52D5DA6-76A4-4D26-A849-D4D9E81F2012} = {46BD7525-AA66-4CB5-9651-4D72057A68DD}
		{DCBD2E12-F098-4F73-84FC-8F3B47D0855B} = {E52D5DA6-76A4-4D26-A849-D4D9E81F2012}
		{39DF097D-9041-4B56-8588-D8FDC53E950D} = {DCBD2E12-F098-4F73-84FC-8F3B47D0855B}
		{3681C6E9-3C14-4C9D-A49E-7343A3877D98} = {39DF097D-9041-4B56-8588-D8FDC53E950D}
		{14635220-C660-435E-8306-356D426701EF} = {3681C6E9-3C14-4C9D-A49E-7343A3877D98}
		{5DFE7A19-CBF6-4D43-A5AF-22F32DD8143F} = {14635220-C660-435E-8306-356D426701EF}
		{CCC305E1-A4B0-4E1E-8900-B335701DC3EA} = {5DFE7A19-CBF6-4D43-A5AF-22F32DD8143F}
		{FC5B4690-5C8F-4CA6-B724-6BBA6A76F7F0} = {C7D1AA66-9087-4A4C-84E3-AC3970F5621E}
		{6039126B-2F3D-45E1-B489-E62B78AA59C8} = {FC5B4690-5C8F-4CA6-B724-6BBA6A76F7F0}
		{E82FF7D0-1BDD-4690-B2DB-D900958CE1EC} = {6039126B-2F3D-45E1-B489-E62B78AA59C8}
		{E721E578-275C-4B43-A159-366211A788DD} = {E82FF7D0-1BDD-4690-B2DB-D900958CE1EC}
		{E388F8F0-B309-4EC7-AD56-F751459EFE90} = {E721E578-275C-4B43-A159-366211A788DD}
		{BA944FEA-14A4-4D59-A336-6DD5A4E4E858} = {E388F8F0-B309-4EC7-AD56-F751459EFE90}
		{795A8F56-C33E-48F1-9730-1D81C08F99A1} = {BA944FEA-14A4-4D59-A336-6DD5A4E4E858}
	EndGlobalSection
	GlobalSection(ExtensibilityGlobals) = postSolution
		SolutionGuid = {1AC89056-2258-42DE-B01C-A1974304BDE8}
	EndGlobalSection
EndGlobal
